{
  "version": 4,
  "terraform_version": "1.12.2",
  "serial": 136,
  "lineage": "b7273e83-26b5-836e-4fef-f4aadf35fab7",
  "outputs": {},
  "resources": [
    {
      "mode": "managed",
      "type": "nubes_kafka",
      "name": "test_kafka",
      "provider": "provider[\"terra.k8c.ru/nubes/nubes\"]",
      "instances": [
        {
          "schema_version": 0,
          "attributes": {
            "delete_mode": "suspend",
            "id": "bd1d689e-bce2-4792-9f1f-73cd1d6c7de7",
            "ip_space_name_master": null,
            "need_external_address_master": false,
            "resource_c_p_u": 1000,
            "resource_disk": 1,
            "resource_instances": 1,
            "resource_memory": 1000,
            "resource_name": "tf-kafka-20260203-01",
            "resource_realm": "k8s-3.ext.nubes.ru",
            "resume_if_exists": true
          },
          "sensitive_attributes": [],
          "identity_schema_version": 0
        }
      ]
    },
    {
      "mode": "managed",
      "type": "nubes_nodered",
      "name": "test_nodered",
      "provider": "provider[\"terra.k8c.ru/nubes/nubes\"]",
      "instances": [
        {
          "schema_version": 0,
          "attributes": {
            "delete_mode": "suspend",
            "domain": "nodered-20260203-01",
            "id": "a70021b9-902d-40e9-bffa-d41ede78b841",
            "resource_c_p_u": 500,
            "resource_disk": 1,
            "resource_instances": 1,
            "resource_memory": 512,
            "resource_name": "tf-nodered-20260203-01",
            "resource_realm": "k8s-3.ext.nubes.ru",
            "resume_if_exists": true
          },
          "sensitive_attributes": [],
          "identity_schema_version": 0
        }
      ]
    },
    {
      "mode": "managed",
      "type": "nubes_redis",
      "name": "test_redis",
      "provider": "provider[\"terra.k8c.ru/nubes/nubes\"]",
      "instances": [
        {
          "schema_version": 0,
          "attributes": {
            "delete_mode": "suspend",
            "id": "9835EB50-9EF8-47B2-AAF5-7FF92DBAFD29",
            "ip_space_name_master": null,
            "ip_space_name_slave": null,
            "need_external_address_master": false,
            "need_external_address_slave": false,
            "resource_c_p_u": 500,
            "resource_disk": 10,
            "resource_instances": 1,
            "resource_memory": 512,
            "resource_name": "tf-redis-20260203-01",
            "resource_realm": "k8s-3.ext.nubes.ru",
            "resume_if_exists": true
          },
          "sensitive_attributes": [],
          "identity_schema_version": 0
        }
      ]
    }
  ],
  "check_results": null
}
